
Microsoft Visual Studio Solution File, Format Version 12.00
# Visual Studio 2012
Project("{FAE04EC0-301F-11D3-BF4B-00C04F79EFBC}") = "MazikCare.MobEval", "ScutterCareAX\MazikCare.MobEval.csproj", "{F154B1B7-8964-4EA5-A584-F10479955753}"
EndProject
Project("{2150E333-8FDC-42A3-9474-1A3956D46DE8}") = ".nuget", ".nuget", "{10CF6A6F-A744-4D5A-9427-151D4B659DDE}"
	ProjectSection(SolutionItems) = preProject
		.nuget\NuGet.Config = .nuget\NuGet.Config
		.nuget\NuGet.exe = .nuget\NuGet.exe
		.nuget\NuGet.targets = .nuget\NuGet.targets
	EndProjectSection
EndProject
Project("{FAE04EC0-301F-11D3-BF4B-00C04F79EFBC}") = "ModernUI.Toolkit.Data.Charting", "Charting\ModernUI.Toolkit.Data.Charting.csproj", "{C6C4FC26-8000-49C2-A525-79CA241472A7}"
EndProject
Project("{FAE04EC0-301F-11D3-BF4B-00C04F79EFBC}") = "MazikCare.BusinessObject.Client", "MazikCare.Model\MazikCare.BusinessObject.Client.csproj", "{E2119E04-49DB-44A8-AA05-DA92265C0696}"
EndProject
Global
	GlobalSection(SolutionConfigurationPlatforms) = preSolution
		Debug|Any CPU = Debug|Any CPU
		Debug|ARM = Debug|ARM
		Debug|x64 = Debug|x64
		Debug|x86 = Debug|x86
		Release|Any CPU = Release|Any CPU
		Release|ARM = Release|ARM
		Release|x64 = Release|x64
		Release|x86 = Release|x86
	EndGlobalSection
	GlobalSection(ProjectConfigurationPlatforms) = postSolution
		{F154B1B7-8964-4EA5-A584-F10479955753}.Debug|Any CPU.ActiveCfg = Debug|x86
		{F154B1B7-8964-4EA5-A584-F10479955753}.Debug|Any CPU.Build.0 = Debug|x86
		{F154B1B7-8964-4EA5-A584-F10479955753}.Debug|Any CPU.Deploy.0 = Debug|x86
		{F154B1B7-8964-4EA5-A584-F10479955753}.Debug|ARM.ActiveCfg = Debug|ARM
		{F154B1B7-8964-4EA5-A584-F10479955753}.Debug|ARM.Build.0 = Debug|ARM
		{F154B1B7-8964-4EA5-A584-F10479955753}.Debug|ARM.Deploy.0 = Debug|ARM
		{F154B1B7-8964-4EA5-A584-F10479955753}.Debug|x64.ActiveCfg = Debug|x64
		{F154B1B7-8964-4EA5-A584-F10479955753}.Debug|x64.Build.0 = Debug|x64
		{F154B1B7-8964-4EA5-A584-F10479955753}.Debug|x64.Deploy.0 = Debug|x64
		{F154B1B7-8964-4EA5-A584-F10479955753}.Debug|x86.ActiveCfg = Debug|x86
		{F154B1B7-8964-4EA5-A584-F10479955753}.Debug|x86.Build.0 = Debug|x86
		{F154B1B7-8964-4EA5-A584-F10479955753}.Debug|x86.Deploy.0 = Debug|x86
		{F154B1B7-8964-4EA5-A584-F10479955753}.Release|Any CPU.ActiveCfg = Release|Any CPU
		{F154B1B7-8964-4EA5-A584-F10479955753}.Release|Any CPU.Build.0 = Release|Any CPU
		{F154B1B7-8964-4EA5-A584-F10479955753}.Release|Any CPU.Deploy.0 = Release|Any CPU
		{F154B1B7-8964-4EA5-A584-F10479955753}.Release|ARM.ActiveCfg = Release|ARM
		{F154B1B7-8964-4EA5-A584-F10479955753}.Release|ARM.Build.0 = Release|ARM
		{F154B1B7-8964-4EA5-A584-F10479955753}.Release|ARM.Deploy.0 = Release|ARM
		{F154B1B7-8964-4EA5-A584-F10479955753}.Release|x64.ActiveCfg = Release|x64
		{F154B1B7-8964-4EA5-A584-F10479955753}.Release|x64.Build.0 = Release|x64
		{F154B1B7-8964-4EA5-A584-F10479955753}.Release|x64.Deploy.0 = Release|x64
		{F154B1B7-8964-4EA5-A584-F10479955753}.Release|x86.ActiveCfg = Release|x86
		{F154B1B7-8964-4EA5-A584-F10479955753}.Release|x86.Build.0 = Release|x86
		{F154B1B7-8964-4EA5-A584-F10479955753}.Release|x86.Deploy.0 = Release|x86
		{C6C4FC26-8000-49C2-A525-79CA241472A7}.Debug|Any CPU.ActiveCfg = Debug|Any CPU
		{C6C4FC26-8000-49C2-A525-79CA241472A7}.Debug|Any CPU.Build.0 = Debug|Any CPU
		{C6C4FC26-8000-49C2-A525-79CA241472A7}.Debug|ARM.ActiveCfg = Debug|ARM
		{C6C4FC26-8000-49C2-A525-79CA241472A7}.Debug|ARM.Build.0 = Debug|ARM
		{C6C4FC26-8000-49C2-A525-79CA241472A7}.Debug|x64.ActiveCfg = Debug|x64
		{C6C4FC26-8000-49C2-A525-79CA241472A7}.Debug|x64.Build.0 = Debug|x64
		{C6C4FC26-8000-49C2-A525-79CA241472A7}.Debug|x86.ActiveCfg = Debug|x86
		{C6C4FC26-8000-49C2-A525-79CA241472A7}.Debug|x86.Build.0 = Debug|x86
		{C6C4FC26-8000-49C2-A525-79CA241472A7}.Release|Any CPU.ActiveCfg = Release|Any CPU
		{C6C4FC26-8000-49C2-A525-79CA241472A7}.Release|Any CPU.Build.0 = Release|Any CPU
		{C6C4FC26-8000-49C2-A525-79CA241472A7}.Release|ARM.ActiveCfg = Release|ARM
		{C6C4FC26-8000-49C2-A525-79CA241472A7}.Release|ARM.Build.0 = Release|ARM
		{C6C4FC26-8000-49C2-A525-79CA241472A7}.Release|x64.ActiveCfg = Release|x64
		{C6C4FC26-8000-49C2-A525-79CA241472A7}.Release|x64.Build.0 = Release|x64
		{C6C4FC26-8000-49C2-A525-79CA241472A7}.Release|x86.ActiveCfg = Release|x86
		{C6C4FC26-8000-49C2-A525-79CA241472A7}.Release|x86.Build.0 = Release|x86
		{E2119E04-49DB-44A8-AA05-DA92265C0696}.Debug|Any CPU.ActiveCfg = Debug|Any CPU
		{E2119E04-49DB-44A8-AA05-DA92265C0696}.Debug|Any CPU.Build.0 = Debug|Any CPU
		{E2119E04-49DB-44A8-AA05-DA92265C0696}.Debug|ARM.ActiveCfg = Debug|ARM
		{E2119E04-49DB-44A8-AA05-DA92265C0696}.Debug|ARM.Build.0 = Debug|ARM
		{E2119E04-49DB-44A8-AA05-DA92265C0696}.Debug|x64.ActiveCfg = Debug|x64
		{E2119E04-49DB-44A8-AA05-DA92265C0696}.Debug|x64.Build.0 = Debug|x64
		{E2119E04-49DB-44A8-AA05-DA92265C0696}.Debug|x86.ActiveCfg = Debug|x86
		{E2119E04-49DB-44A8-AA05-DA92265C0696}.Debug|x86.Build.0 = Debug|x86
		{E2119E04-49DB-44A8-AA05-DA92265C0696}.Release|Any CPU.ActiveCfg = Release|Any CPU
		{E2119E04-49DB-44A8-AA05-DA92265C0696}.Release|Any CPU.Build.0 = Release|Any CPU
		{E2119E04-49DB-44A8-AA05-DA92265C0696}.Release|ARM.ActiveCfg = Release|ARM
		{E2119E04-49DB-44A8-AA05-DA92265C0696}.Release|ARM.Build.0 = Release|ARM
		{E2119E04-49DB-44A8-AA05-DA92265C0696}.Release|x64.ActiveCfg = Release|x64
		{E2119E04-49DB-44A8-AA05-DA92265C0696}.Release|x64.Build.0 = Release|x64
		{E2119E04-49DB-44A8-AA05-DA92265C0696}.Release|x86.ActiveCfg = Release|x86
		{E2119E04-49DB-44A8-AA05-DA92265C0696}.Release|x86.Build.0 = Release|x86
	EndGlobalSection
	GlobalSection(SolutionProperties) = preSolution
		HideSolutionNode = FALSE
	EndGlobalSection
EndGlobal
